
Microsoft Visual Studio Solution File, Format Version 12.00
# Visual Studio 15
VisualStudioVersion = 15.0.26228.4
MinimumVisualStudioVersion = 10.0.40219.1
Project("{FAE04EC0-301F-11D3-BF4B-00C04F79EFBC}") = "MaxCrashCounter", "MaxCrashCounter\MaxCrashCounter.csproj", "{4BA76AC0-2F8B-41A2-B9C1-13B913D82949}"
EndProject
Global
	GlobalSection(SolutionConfigurationPlatforms) = preSolution
		Debug|Any CPU = Debug|Any CPU
		Release|Any CPU = Release|Any CPU
	EndGlobalSection
	GlobalSection(ProjectConfigurationPlatforms) = postSolution
		{4BA76AC0-2F8B-41A2-B9C1-13B913D82949}.Debug|Any CPU.ActiveCfg = Debug|Any CPU
		{4BA76AC0-2F8B-41A2-B9C1-13B913D82949}.Debug|Any CPU.Build.0 = Debug|Any CPU
		{4BA76AC0-2F8B-41A2-B9C1-13B913D82949}.Release|Any CPU.ActiveCfg = Release|Any CPU
		{4BA76AC0-2F8B-41A2-B9C1-13B913D82949}.Release|Any CPU.Build.0 = Release|Any CPU
	EndGlobalSection
	GlobalSection(SolutionProperties) = preSolution
		HideSolutionNode = FALSE
	EndGlobalSection
EndGlobal
